
Microsoft Visual Studio Solution File, Format Version 12.00
# Visual Studio Version 17
VisualStudioVersion = 17.3.32811.315
MinimumVisualStudioVersion = 10.0.40219.1
Project("{FAE04EC0-301F-11D3-BF4B-00C04F79EFBC}") = "Calculator", "Calculator.csproj", "{802E13A2-F765-4260-AD8F-96C3A9CD0902}"
EndProject
Global
	GlobalSection(SolutionConfigurationPlatforms) = preSolution
		Debug|Any CPU = Debug|Any CPU
		Release|Any CPU = Release|Any CPU
	EndGlobalSection
	GlobalSection(ProjectConfigurationPlatforms) = postSolution
		{802E13A2-F765-4260-AD8F-96C3A9CD0902}.Debug|Any CPU.ActiveCfg = Debug|Any CPU
		{802E13A2-F765-4260-AD8F-96C3A9CD0902}.Debug|Any CPU.Build.0 = Debug|Any CPU
		{802E13A2-F765-4260-AD8F-96C3A9CD0902}.Release|Any CPU.ActiveCfg = Release|Any CPU
		{802E13A2-F765-4260-AD8F-96C3A9CD0902}.Release|Any CPU.Build.0 = Release|Any CPU
	EndGlobalSection
	GlobalSection(SolutionProperties) = preSolution
		HideSolutionNode = FALSE
	EndGlobalSection
	GlobalSection(ExtensibilityGlobals) = postSolution
		SolutionGuid = {7433A270-7CC1-48A1-9B41-BE68399A326F}
	EndGlobalSection
EndGlobal
